// !$*UTF8*$!
{
	archiveVersion = 1;
	classes = {
	};
	objectVersion = 56;
	objects = {

/* Begin PBXBuildFile section */
		021274D22C3C83C50066EAA1 /* RestaurantHub_IOSApp.swift in Sources */ = {isa = PBXBuildFile; fileRef = 021274D12C3C83C50066EAA1 /* RestaurantHub_IOSApp.swift */; };
		021274D42C3C83C50066EAA1 /* RestaurantListView.swift in Sources */ = {isa = PBXBuildFile; fileRef = 021274D32C3C83C50066EAA1 /* RestaurantListView.swift */; };
		021274D62C3C83C70066EAA1 /* Assets.xcassets in Resources */ = {isa = PBXBuildFile; fileRef = 021274D52C3C83C70066EAA1 /* Assets.xcassets */; };
		021274D92C3C83C70066EAA1 /* Preview Assets.xcassets in Resources */ = {isa = PBXBuildFile; fileRef = 021274D82C3C83C70066EAA1 /* Preview Assets.xcassets */; };
		021274E42C3CB75D0066EAA1 /* RestaurantDetailsView.swift in Sources */ = {isa = PBXBuildFile; fileRef = 021274E32C3CB75D0066EAA1 /* RestaurantDetailsView.swift */; };
		021274E62C3CD6E30066EAA1 /* RestaurantData.swift in Sources */ = {isa = PBXBuildFile; fileRef = 021274E52C3CD6E30066EAA1 /* RestaurantData.swift */; };
		600DB2362C5C5C23004DB339 /* GoogleService-Info.plist in Resources */ = {isa = PBXBuildFile; fileRef = 600DB2352C5C5C23004DB339 /* GoogleService-Info.plist */; };
		600DB2392C5C5CCB004DB339 /* FirebaseAnalytics in Frameworks */ = {isa = PBXBuildFile; productRef = 600DB2382C5C5CCB004DB339 /* FirebaseAnalytics */; };
		600DB23B2C5C5CCB004DB339 /* FirebaseAnalyticsOnDeviceConversion in Frameworks */ = {isa = PBXBuildFile; productRef = 600DB23A2C5C5CCB004DB339 /* FirebaseAnalyticsOnDeviceConversion */; };
		600DB23D2C5C5CCB004DB339 /* FirebaseAnalyticsWithoutAdIdSupport in Frameworks */ = {isa = PBXBuildFile; productRef = 600DB23C2C5C5CCB004DB339 /* FirebaseAnalyticsWithoutAdIdSupport */; };
		600DB23F2C5C5CCB004DB339 /* FirebaseAppCheck in Frameworks */ = {isa = PBXBuildFile; productRef = 600DB23E2C5C5CCB004DB339 /* FirebaseAppCheck */; };
		600DB2412C5C5CCB004DB339 /* FirebaseAppDistribution-Beta in Frameworks */ = {isa = PBXBuildFile; productRef = 600DB2402C5C5CCB004DB339 /* FirebaseAppDistribution-Beta */; };
		600DB2442C5C5D10004DB339 /* FirebaseDatabase in Frameworks */ = {isa = PBXBuildFile; productRef = 600DB2432C5C5D10004DB339 /* FirebaseDatabase */; };
		600DB2462C5C5D10004DB339 /* FirebaseDynamicLinks in Frameworks */ = {isa = PBXBuildFile; productRef = 600DB2452C5C5D10004DB339 /* FirebaseDynamicLinks */; };
		600DB2482C5C5D10004DB339 /* FirebaseFirestore in Frameworks */ = {isa = PBXBuildFile; productRef = 600DB2472C5C5D10004DB339 /* FirebaseFirestore */; };
		600DB24A2C5C5D17004DB339 /* FirebaseStorage in Frameworks */ = {isa = PBXBuildFile; productRef = 600DB2492C5C5D17004DB339 /* FirebaseStorage */; };
		600DB24C2C5C5F57004DB339 /* RestaurantViewModel.swift in Sources */ = {isa = PBXBuildFile; fileRef = 600DB24B2C5C5F57004DB339 /* RestaurantViewModel.swift */; };
/* End PBXBuildFile section */

/* Begin PBXFileReference section */
		021274CE2C3C83C50066EAA1 /* RestaurantHub-IOS.app */ = {isa = PBXFileReference; explicitFileType = wrapper.application; includeInIndex = 0; path = "RestaurantHub-IOS.app"; sourceTree = BUILT_PRODUCTS_DIR; };
		021274D12C3C83C50066EAA1 /* RestaurantHub_IOSApp.swift */ = {isa = PBXFileReference; lastKnownFileType = sourcecode.swift; path = RestaurantHub_IOSApp.swift; sourceTree = "<group>"; };
		021274D32C3C83C50066EAA1 /* RestaurantListView.swift */ = {isa = PBXFileReference; lastKnownFileType = sourcecode.swift; path = RestaurantListView.swift; sourceTree = "<group>"; };
		021274D52C3C83C70066EAA1 /* Assets.xcassets */ = {isa = PBXFileReference; lastKnownFileType = folder.assetcatalog; path = Assets.xcassets; sourceTree = "<group>"; };
		021274D82C3C83C70066EAA1 /* Preview Assets.xcassets */ = {isa = PBXFileReference; lastKnownFileType = folder.assetcatalog; path = "Preview Assets.xcassets"; sourceTree = "<group>"; };
		021274E32C3CB75D0066EAA1 /* RestaurantDetailsView.swift */ = {isa = PBXFileReference; lastKnownFileType = sourcecode.swift; path = RestaurantDetailsView.swift; sourceTree = "<group>"; };
		021274E52C3CD6E30066EAA1 /* RestaurantData.swift */ = {isa = PBXFileReference; lastKnownFileType = sourcecode.swift; path = RestaurantData.swift; sourceTree = "<group>"; };
		600DB2352C5C5C23004DB339 /* GoogleService-Info.plist */ = {isa = PBXFileReference; fileEncoding = 4; lastKnownFileType = text.plist.xml; path = "GoogleService-Info.plist"; sourceTree = "<group>"; };
		600DB24B2C5C5F57004DB339 /* RestaurantViewModel.swift */ = {isa = PBXFileReference; lastKnownFileType = sourcecode.swift; path = RestaurantViewModel.swift; sourceTree = "<group>"; };
/* End PBXFileReference section */

/* Begin PBXFrameworksBuildPhase section */
		021274CB2C3C83C50066EAA1 /* Frameworks */ = {
			isa = PBXFrameworksBuildPhase;
			buildActionMask = 2147483647;
			files = (
				600DB2442C5C5D10004DB339 /* FirebaseDatabase in Frameworks */,
				600DB23F2C5C5CCB004DB339 /* FirebaseAppCheck in Frameworks */,
				600DB24A2C5C5D17004DB339 /* FirebaseStorage in Frameworks */,
				600DB2392C5C5CCB004DB339 /* FirebaseAnalytics in Frameworks */,
				600DB2412C5C5CCB004DB339 /* FirebaseAppDistribution-Beta in Frameworks */,
				600DB23D2C5C5CCB004DB339 /* FirebaseAnalyticsWithoutAdIdSupport in Frameworks */,
				600DB2482C5C5D10004DB339 /* FirebaseFirestore in Frameworks */,
				600DB2462C5C5D10004DB339 /* FirebaseDynamicLinks in Frameworks */,
				600DB23B2C5C5CCB004DB339 /* FirebaseAnalyticsOnDeviceConversion in Frameworks */,
			);
			runOnlyForDeploymentPostprocessing = 0;
		};
/* End PBXFrameworksBuildPhase section */

/* Begin PBXGroup section */
		021274C52C3C83C50066EAA1 = {
			isa = PBXGroup;
			children = (
				021274D02C3C83C50066EAA1 /* RestaurantHub-IOS */,
				021274CF2C3C83C50066EAA1 /* Products */,
				600DB2422C5C5D10004DB339 /* Frameworks */,
			);
			sourceTree = "<group>";
		};
		021274CF2C3C83C50066EAA1 /* Products */ = {
			isa = PBXGroup;
			children = (
				021274CE2C3C83C50066EAA1 /* RestaurantHub-IOS.app */,
			);
			name = Products;
			sourceTree = "<group>";
		};
		021274D02C3C83C50066EAA1 /* RestaurantHub-IOS */ = {
			isa = PBXGroup;
			children = (
				600DB2352C5C5C23004DB339 /* GoogleService-Info.plist */,
				021274D12C3C83C50066EAA1 /* RestaurantHub_IOSApp.swift */,
				021274D32C3C83C50066EAA1 /* RestaurantListView.swift */,
				021274D52C3C83C70066EAA1 /* Assets.xcassets */,
				021274D72C3C83C70066EAA1 /* Preview Content */,
				021274E32C3CB75D0066EAA1 /* RestaurantDetailsView.swift */,
				021274E52C3CD6E30066EAA1 /* RestaurantData.swift */,
				600DB24B2C5C5F57004DB339 /* RestaurantViewModel.swift */,
			);
			path = "RestaurantHub-IOS";
			sourceTree = "<group>";
		};
		021274D72C3C83C70066EAA1 /* Preview Content */ = {
			isa = PBXGroup;
			children = (
				021274D82C3C83C70066EAA1 /* Preview Assets.xcassets */,
			);
			path = "Preview Content";
			sourceTree = "<group>";
		};
		600DB2422C5C5D10004DB339 /* Frameworks */ = {
			isa = PBXGroup;
			children = (
			);
			name = Frameworks;
			sourceTree = "<group>";
		};
/* End PBXGroup section */

/* Begin PBXNativeTarget section */
		021274CD2C3C83C50066EAA1 /* RestaurantHub-IOS */ = {
			isa = PBXNativeTarget;
			buildConfigurationList = 021274DC2C3C83C70066EAA1 /* Build configuration list for PBXNativeTarget "RestaurantHub-IOS" */;
			buildPhases = (
				021274CA2C3C83C50066EAA1 /* Sources */,
				021274CB2C3C83C50066EAA1 /* Frameworks */,
				021274CC2C3C83C50066EAA1 /* Resources */,
			);
			buildRules = (
			);
			dependencies = (
			);
			name = "RestaurantHub-IOS";
			packageProductDependencies = (
				600DB2382C5C5CCB004DB339 /* FirebaseAnalytics */,
				600DB23A2C5C5CCB004DB339 /* FirebaseAnalyticsOnDeviceConversion */,
				600DB23C2C5C5CCB004DB339 /* FirebaseAnalyticsWithoutAdIdSupport */,
				600DB23E2C5C5CCB004DB339 /* FirebaseAppCheck */,
				600DB2402C5C5CCB004DB339 /* FirebaseAppDistribution-Beta */,
				600DB2432C5C5D10004DB339 /* FirebaseDatabase */,
				600DB2452C5C5D10004DB339 /* FirebaseDynamicLinks */,
				600DB2472C5C5D10004DB339 /* FirebaseFirestore */,
				600DB2492C5C5D17004DB339 /* FirebaseStorage */,
			);
			productName = "RestaurantHub-IOS";
			productReference = 021274CE2C3C83C50066EAA1 /* RestaurantHub-IOS.app */;
			productType = "com.apple.product-type.application";
		};
/* End PBXNativeTarget section */

/* Begin PBXProject section */
		021274C62C3C83C50066EAA1 /* Project object */ = {
			isa = PBXProject;
			attributes = {
				BuildIndependentTargetsInParallel = 1;
				LastSwiftUpdateCheck = 1540;
				LastUpgradeCheck = 1540;
				TargetAttributes = {
					021274CD2C3C83C50066EAA1 = {
						CreatedOnToolsVersion = 15.4;
					};
				};
			};
			buildConfigurationList = 021274C92C3C83C50066EAA1 /* Build configuration list for PBXProject "RestaurantHub-IOS" */;
			compatibilityVersion = "Xcode 14.0";
			developmentRegion = en;
			hasScannedForEncodings = 0;
			knownRegions = (
				en,
				Base,
			);
			mainGroup = 021274C52C3C83C50066EAA1;
			packageReferences = (
				600DB2372C5C5CCB004DB339 /* XCRemoteSwiftPackageReference "firebase-ios-sdk" */,
			);
			productRefGroup = 021274CF2C3C83C50066EAA1 /* Products */;
			projectDirPath = "";
			projectRoot = "";
			targets = (
				021274CD2C3C83C50066EAA1 /* RestaurantHub-IOS */,
			);
		};
/* End PBXProject section */

/* Begin PBXResourcesBuildPhase section */
		021274CC2C3C83C50066EAA1 /* Resources */ = {
			isa = PBXResourcesBuildPhase;
			buildActionMask = 2147483647;
			files = (
				021274D92C3C83C70066EAA1 /* Preview Assets.xcassets in Resources */,
				021274D62C3C83C70066EAA1 /* Assets.xcassets in Resources */,
				600DB2362C5C5C23004DB339 /* GoogleService-Info.plist in Resources */,
			);
			runOnlyForDeploymentPostprocessing = 0;
		};
/* End PBXResourcesBuildPhase section */

/* Begin PBXSourcesBuildPhase section */
		021274CA2C3C83C50066EAA1 /* Sources */ = {
			isa = PBXSourcesBuildPhase;
			buildActionMask = 2147483647;
			files = (
				021274E42C3CB75D0066EAA1 /* RestaurantDetailsView.swift in Sources */,
				021274D42C3C83C50066EAA1 /* RestaurantListView.swift in Sources */,
				021274E62C3CD6E30066EAA1 /* RestaurantData.swift in Sources */,
				600DB24C2C5C5F57004DB339 /* RestaurantViewModel.swift in Sources */,
				021274D22C3C83C50066EAA1 /* RestaurantHub_IOSApp.swift in Sources */,
			);
			runOnlyForDeploymentPostprocessing = 0;
		};
/* End PBXSourcesBuildPhase section */

/* Begin XCBuildConfiguration section */
		021274DA2C3C83C70066EAA1 /* Debug */ = {
			isa = XCBuildConfiguration;
			buildSettings = {
				ALWAYS_SEARCH_USER_PATHS = NO;
				ASSETCATALOG_COMPILER_GENERATE_SWIFT_ASSET_SYMBOL_EXTENSIONS = YES;
				CLANG_ANALYZER_NONNULL = YES;
				CLANG_ANALYZER_NUMBER_OBJECT_CONVERSION = YES_AGGRESSIVE;
				CLANG_CXX_LANGUAGE_STANDARD = "gnu++20";
				CLANG_ENABLE_MODULES = YES;
				CLANG_ENABLE_OBJC_ARC = YES;
				CLANG_ENABLE_OBJC_WEAK = YES;
				CLANG_WARN_BLOCK_CAPTURE_AUTORELEASING = YES;
				CLANG_WARN_BOOL_CONVERSION = YES;
				CLANG_WARN_COMMA = YES;
				CLANG_WARN_CONSTANT_CONVERSION = YES;
				CLANG_WARN_DEPRECATED_OBJC_IMPLEMENTATIONS = YES;
				CLANG_WARN_DIRECT_OBJC_ISA_USAGE = YES_ERROR;
				CLANG_WARN_DOCUMENTATION_COMMENTS = YES;
				CLANG_WARN_EMPTY_BODY = YES;
				CLANG_WARN_ENUM_CONVERSION = YES;
				CLANG_WARN_INFINITE_RECURSION = YES;
				CLANG_WARN_INT_CONVERSION = YES;
				CLANG_WARN_NON_LITERAL_NULL_CONVERSION = YES;
				CLANG_WARN_OBJC_IMPLICIT_RETAIN_SELF = YES;
				CLANG_WARN_OBJC_LITERAL_CONVERSION = YES;
				CLANG_WARN_OBJC_ROOT_CLASS = YES_ERROR;
				CLANG_WARN_QUOTED_INCLUDE_IN_FRAMEWORK_HEADER = YES;
				CLANG_WARN_RANGE_LOOP_ANALYSIS = YES;
				CLANG_WARN_STRICT_PROTOTYPES = YES;
				CLANG_WARN_SUSPICIOUS_MOVE = YES;
				CLANG_WARN_UNGUARDED_AVAILABILITY = YES_AGGRESSIVE;
				CLANG_WARN_UNREACHABLE_CODE = YES;
				CLANG_WARN__DUPLICATE_METHOD_MATCH = YES;
				COPY_PHASE_STRIP = NO;
				DEBUG_INFORMATION_FORMAT = dwarf;
				ENABLE_STRICT_OBJC_MSGSEND = YES;
				ENABLE_TESTABILITY = YES;
				ENABLE_USER_SCRIPT_SANDBOXING = YES;
				GCC_C_LANGUAGE_STANDARD = gnu17;
				GCC_DYNAMIC_NO_PIC = NO;
				GCC_NO_COMMON_BLOCKS = YES;
				GCC_OPTIMIZATION_LEVEL = 0;
				GCC_PREPROCESSOR_DEFINITIONS = (
					"DEBUG=1",
					"$(inherited)",
				);
				GCC_WARN_64_TO_32_BIT_CONVERSION = YES;
				GCC_WARN_ABOUT_RETURN_TYPE = YES_ERROR;
				GCC_WARN_UNDECLARED_SELECTOR = YES;
				GCC_WARN_UNINITIALIZED_AUTOS = YES_AGGRESSIVE;
				GCC_WARN_UNUSED_FUNCTION = YES;
				GCC_WARN_UNUSED_VARIABLE = YES;
				IPHONEOS_DEPLOYMENT_TARGET = 17.5;
				LOCALIZATION_PREFERS_STRING_CATALOGS = YES;
				MTL_ENABLE_DEBUG_INFO = INCLUDE_SOURCE;
				MTL_FAST_MATH = YES;
				ONLY_ACTIVE_ARCH = YES;
				SDKROOT = iphoneos;
				SWIFT_ACTIVE_COMPILATION_CONDITIONS = "DEBUG $(inherited)";
				SWIFT_OPTIMIZATION_LEVEL = "-Onone";
			};
			name = Debug;
		};
		021274DB2C3C83C70066EAA1 /* Release */ = {
			isa = XCBuildConfiguration;
			buildSettings = {
				ALWAYS_SEARCH_USER_PATHS = NO;
				ASSETCATALOG_COMPILER_GENERATE_SWIFT_ASSET_SYMBOL_EXTENSIONS = YES;
				CLANG_ANALYZER_NONNULL = YES;
				CLANG_ANALYZER_NUMBER_OBJECT_CONVERSION = YES_AGGRESSIVE;
				CLANG_CXX_LANGUAGE_STANDARD = "gnu++20";
				CLANG_ENABLE_MODULES = YES;
				CLANG_ENABLE_OBJC_ARC = YES;
				CLANG_ENABLE_OBJC_WEAK = YES;
				CLANG_WARN_BLOCK_CAPTURE_AUTORELEASING = YES;
				CLANG_WARN_BOOL_CONVERSION = YES;
				CLANG_WARN_COMMA = YES;
				CLANG_WARN_CONSTANT_CONVERSION = YES;
				CLANG_WARN_DEPRECATED_OBJC_IMPLEMENTATIONS = YES;
				CLANG_WARN_DIRECT_OBJC_ISA_USAGE = YES_ERROR;
				CLANG_WARN_DOCUMENTATION_COMMENTS = YES;
				CLANG_WARN_EMPTY_BODY = YES;
				CLANG_WARN_ENUM_CONVERSION = YES;
				CLANG_WARN_INFINITE_RECURSION = YES;
				CLANG_WARN_INT_CONVERSION = YES;
				CLANG_WARN_NON_LITERAL_NULL_CONVERSION = YES;
				CLANG_WARN_OBJC_IMPLICIT_RETAIN_SELF = YES;
				CLANG_WARN_OBJC_LITERAL_CONVERSION = YES;
				CLANG_WARN_OBJC_ROOT_CLASS = YES_ERROR;
				CLANG_WARN_QUOTED_INCLUDE_IN_FRAMEWORK_HEADER = YES;
				CLANG_WARN_RANGE_LOOP_ANALYSIS = YES;
				CLANG_WARN_STRICT_PROTOTYPES = YES;
				CLANG_WARN_SUSPICIOUS_MOVE = YES;
				CLANG_WARN_UNGUARDED_AVAILABILITY = YES_AGGRESSIVE;
				CLANG_WARN_UNREACHABLE_CODE = YES;
				CLANG_WARN__DUPLICATE_METHOD_MATCH = YES;
				COPY_PHASE_STRIP = NO;
				DEBUG_INFORMATION_FORMAT = "dwarf-with-dsym";
				ENABLE_NS_ASSERTIONS = NO;
				ENABLE_STRICT_OBJC_MSGSEND = YES;
				ENABLE_USER_SCRIPT_SANDBOXING = YES;
				GCC_C_LANGUAGE_STANDARD = gnu17;
				GCC_NO_COMMON_BLOCKS = YES;
				GCC_WARN_64_TO_32_BIT_CONVERSION = YES;
				GCC_WARN_ABOUT_RETURN_TYPE = YES_ERROR;
				GCC_WARN_UNDECLARED_SELECTOR = YES;
				GCC_WARN_UNINITIALIZED_AUTOS = YES_AGGRESSIVE;
				GCC_WARN_UNUSED_FUNCTION = YES;
				GCC_WARN_UNUSED_VARIABLE = YES;
				IPHONEOS_DEPLOYMENT_TARGET = 17.5;
				LOCALIZATION_PREFERS_STRING_CATALOGS = YES;
				MTL_ENABLE_DEBUG_INFO = NO;
				MTL_FAST_MATH = YES;
				SDKROOT = iphoneos;
				SWIFT_COMPILATION_MODE = wholemodule;
				VALIDATE_PRODUCT = YES;
			};
			name = Release;
		};
		021274DD2C3C83C70066EAA1 /* Debug */ = {
			isa = XCBuildConfiguration;
			buildSettings = {
				ASSETCATALOG_COMPILER_APPICON_NAME = AppIcon;
				ASSETCATALOG_COMPILER_GLOBAL_ACCENT_COLOR_NAME = AccentColor;
				CODE_SIGN_STYLE = Automatic;
				CURRENT_PROJECT_VERSION = 1;
				DEVELOPMENT_ASSET_PATHS = "\"RestaurantHub-IOS/Preview Content\"";
				ENABLE_PREVIEWS = YES;
				GENERATE_INFOPLIST_FILE = YES;
				INFOPLIST_KEY_UIApplicationSceneManifest_Generation = YES;
				INFOPLIST_KEY_UIApplicationSupportsIndirectInputEvents = YES;
				INFOPLIST_KEY_UILaunchScreen_Generation = YES;
				INFOPLIST_KEY_UISupportedInterfaceOrientations_iPad = "UIInterfaceOrientationPortrait UIInterfaceOrientationPortraitUpsideDown UIInterfaceOrientationLandscapeLeft UIInterfaceOrientationLandscapeRight";
				INFOPLIST_KEY_UISupportedInterfaceOrientations_iPhone = "UIInterfaceOrientationPortrait UIInterfaceOrientationLandscapeLeft UIInterfaceOrientationLandscapeRight";
				LD_RUNPATH_SEARCH_PATHS = (
					"$(inherited)",
					"@executable_path/Frameworks",
				);
				MARKETING_VERSION = 1.0;
				PRODUCT_BUNDLE_IDENTIFIER = "com.steve.malistella.RestaurantHub-IOS";
				PRODUCT_NAME = "$(TARGET_NAME)";
				SWIFT_EMIT_LOC_STRINGS = YES;
				SWIFT_VERSION = 5.0;
				TARGETED_DEVICE_FAMILY = "1,2";
			};
			name = Debug;
		};
		021274DE2C3C83C70066EAA1 /* Release */ = {
			isa = XCBuildConfiguration;
			buildSettings = {
				ASSETCATALOG_COMPILER_APPICON_NAME = AppIcon;
				ASSETCATALOG_COMPILER_GLOBAL_ACCENT_COLOR_NAME = AccentColor;
				CODE_SIGN_STYLE = Automatic;
				CURRENT_PROJECT_VERSION = 1;
				DEVELOPMENT_ASSET_PATHS = "\"RestaurantHub-IOS/Preview Content\"";
				ENABLE_PREVIEWS = YES;
				GENERATE_INFOPLIST_FILE = YES;
				INFOPLIST_KEY_UIApplicationSceneManifest_Generation = YES;
				INFOPLIST_KEY_UIApplicationSupportsIndirectInputEvents = YES;
				INFOPLIST_KEY_UILaunchScreen_Generation = YES;
				INFOPLIST_KEY_UISupportedInterfaceOrientations_iPad = "UIInterfaceOrientationPortrait UIInterfaceOrientationPortraitUpsideDown UIInterfaceOrientationLandscapeLeft UIInterfaceOrientationLandscapeRight";
				INFOPLIST_KEY_UISupportedInterfaceOrientations_iPhone = "UIInterfaceOrientationPortrait UIInterfaceOrientationLandscapeLeft UIInterfaceOrientationLandscapeRight";
				LD_RUNPATH_SEARCH_PATHS = (
					"$(inherited)",
					"@executable_path/Frameworks",
				);
				MARKETING_VERSION = 1.0;
				PRODUCT_BUNDLE_IDENTIFIER = "com.steve.malistella.RestaurantHub-IOS";
				PRODUCT_NAME = "$(TARGET_NAME)";
				SWIFT_EMIT_LOC_STRINGS = YES;
				SWIFT_VERSION = 5.0;
				TARGETED_DEVICE_FAMILY = "1,2";
			};
			name = Release;
		};
/* End XCBuildConfiguration section */

/* Begin XCConfigurationList section */
		021274C92C3C83C50066EAA1 /* Build configuration list for PBXProject "RestaurantHub-IOS" */ = {
			isa = XCConfigurationList;
			buildConfigurations = (
				021274DA2C3C83C70066EAA1 /* Debug */,
				021274DB2C3C83C70066EAA1 /* Release */,
			);
			defaultConfigurationIsVisible = 0;
			defaultConfigurationName = Release;
		};
		021274DC2C3C83C70066EAA1 /* Build configuration list for PBXNativeTarget "RestaurantHub-IOS" */ = {
			isa = XCConfigurationList;
			buildConfigurations = (
				021274DD2C3C83C70066EAA1 /* Debug */,
				021274DE2C3C83C70066EAA1 /* Release */,
			);
			defaultConfigurationIsVisible = 0;
			defaultConfigurationName = Release;
		};
/* End XCConfigurationList section */

/* Begin XCRemoteSwiftPackageReference section */
		600DB2372C5C5CCB004DB339 /* XCRemoteSwiftPackageReference "firebase-ios-sdk" */ = {
			isa = XCRemoteSwiftPackageReference;
			repositoryURL = "https://github.com/firebase/firebase-ios-sdk";
			requirement = {
				kind = upToNextMajorVersion;
				minimumVersion = 11.0.0;
			};
		};
/* End XCRemoteSwiftPackageReference section */

/* Begin XCSwiftPackageProductDependency section */
		600DB2382C5C5CCB004DB339 /* FirebaseAnalytics */ = {
			isa = XCSwiftPackageProductDependency;
			package = 600DB2372C5C5CCB004DB339 /* XCRemoteSwiftPackageReference "firebase-ios-sdk" */;
			productName = FirebaseAnalytics;
		};
		600DB23A2C5C5CCB004DB339 /* FirebaseAnalyticsOnDeviceConversion */ = {
			isa = XCSwiftPackageProductDependency;
			package = 600DB2372C5C5CCB004DB339 /* XCRemoteSwiftPackageReference "firebase-ios-sdk" */;
			productName = FirebaseAnalyticsOnDeviceConversion;
		};
		600DB23C2C5C5CCB004DB339 /* FirebaseAnalyticsWithoutAdIdSupport */ = {
			isa = XCSwiftPackageProductDependency;
			package = 600DB2372C5C5CCB004DB339 /* XCRemoteSwiftPackageReference "firebase-ios-sdk" */;
			productName = FirebaseAnalyticsWithoutAdIdSupport;
		};
		600DB23E2C5C5CCB004DB339 /* FirebaseAppCheck */ = {
			isa = XCSwiftPackageProductDependency;
			package = 600DB2372C5C5CCB004DB339 /* XCRemoteSwiftPackageReference "firebase-ios-sdk" */;
			productName = FirebaseAppCheck;
		};
		600DB2402C5C5CCB004DB339 /* FirebaseAppDistribution-Beta */ = {
			isa = XCSwiftPackageProductDependency;
			package = 600DB2372C5C5CCB004DB339 /* XCRemoteSwiftPackageReference "firebase-ios-sdk" */;
			productName = "FirebaseAppDistribution-Beta";
		};
		600DB2432C5C5D10004DB339 /* FirebaseDatabase */ = {
			isa = XCSwiftPackageProductDependency;
			package = 600DB2372C5C5CCB004DB339 /* XCRemoteSwiftPackageReference "firebase-ios-sdk" */;
			productName = FirebaseDatabase;
		};
		600DB2452C5C5D10004DB339 /* FirebaseDynamicLinks */ = {
			isa = XCSwiftPackageProductDependency;
			package = 600DB2372C5C5CCB004DB339 /* XCRemoteSwiftPackageReference "firebase-ios-sdk" */;
			productName = FirebaseDynamicLinks;
		};
		600DB2472C5C5D10004DB339 /* FirebaseFirestore */ = {
			isa = XCSwiftPackageProductDependency;
			package = 600DB2372C5C5CCB004DB339 /* XCRemoteSwiftPackageReference "firebase-ios-sdk" */;
			productName = FirebaseFirestore;
		};
		600DB2492C5C5D17004DB339 /* FirebaseStorage */ = {
			isa = XCSwiftPackageProductDependency;
			package = 600DB2372C5C5CCB004DB339 /* XCRemoteSwiftPackageReference "firebase-ios-sdk" */;
			productName = FirebaseStorage;
		};
/* End XCSwiftPackageProductDependency section */
	};
	rootObject = 021274C62C3C83C50066EAA1 /* Project object */;
}
